// !$*UTF8*$!
{
	archiveVersion = 1;
	classes = {
	};
	objectVersion = 56;
	objects = {

/* Begin PBXBuildFile section */
		6B756AA22ACAAA8D005852BA /* RegisterPage.swift in Sources */ = {isa = PBXBuildFile; fileRef = 6B756AA12ACAAA8D005852BA /* RegisterPage.swift */; };
		6B756AA52ACAAABD005852BA /* UserDataModel.swift in Sources */ = {isa = PBXBuildFile; fileRef = 6B756AA42ACAAABD005852BA /* UserDataModel.swift */; };
		6B756AA72ACABBD0005852BA /* StyledNavigationLink.swift in Sources */ = {isa = PBXBuildFile; fileRef = 6B756AA62ACABBD0005852BA /* StyledNavigationLink.swift */; };
		6B805F7D2AC86D5000336E0A /* DietControlV2App.swift in Sources */ = {isa = PBXBuildFile; fileRef = 6B805F7C2AC86D5000336E0A /* DietControlV2App.swift */; };
		6B805F812AC86D5100336E0A /* Assets.xcassets in Resources */ = {isa = PBXBuildFile; fileRef = 6B805F802AC86D5100336E0A /* Assets.xcassets */; };
		6B805F842AC86D5100336E0A /* Preview Assets.xcassets in Resources */ = {isa = PBXBuildFile; fileRef = 6B805F832AC86D5100336E0A /* Preview Assets.xcassets */; };
		6B805F8E2AC86D5100336E0A /* DietControlV2Tests.swift in Sources */ = {isa = PBXBuildFile; fileRef = 6B805F8D2AC86D5100336E0A /* DietControlV2Tests.swift */; };
		6B805F982AC86D5100336E0A /* DietControlV2UITests.swift in Sources */ = {isa = PBXBuildFile; fileRef = 6B805F972AC86D5100336E0A /* DietControlV2UITests.swift */; };
		6B805F9A2AC86D5100336E0A /* DietControlV2UITestsLaunchTests.swift in Sources */ = {isa = PBXBuildFile; fileRef = 6B805F992AC86D5100336E0A /* DietControlV2UITestsLaunchTests.swift */; };
		6B805FAA2AC86DCD00336E0A /* RootPage.swift in Sources */ = {isa = PBXBuildFile; fileRef = 6B805FA92AC86DCD00336E0A /* RootPage.swift */; };
		6B805FAC2AC87A0A00336E0A /* ColoredButton.swift in Sources */ = {isa = PBXBuildFile; fileRef = 6B805FAB2AC87A0A00336E0A /* ColoredButton.swift */; };
		6BD18ED42ACEB63300DD61C8 /* TextFieldWithError.swift in Sources */ = {isa = PBXBuildFile; fileRef = 6BD18ED32ACEB63300DD61C8 /* TextFieldWithError.swift */; };
		6BD18ED62ACEF1E400DD61C8 /* AppLogo.swift in Sources */ = {isa = PBXBuildFile; fileRef = 6BD18ED52ACEF1E300DD61C8 /* AppLogo.swift */; };
		6BD18ED82ACF016F00DD61C8 /* LoginPage.swift in Sources */ = {isa = PBXBuildFile; fileRef = 6BD18ED72ACF016F00DD61C8 /* LoginPage.swift */; };
/* End PBXBuildFile section */

/* Begin PBXContainerItemProxy section */
		6B805F8A2AC86D5100336E0A /* PBXContainerItemProxy */ = {
			isa = PBXContainerItemProxy;
			containerPortal = 6B805F712AC86D5000336E0A /* Project object */;
			proxyType = 1;
			remoteGlobalIDString = 6B805F782AC86D5000336E0A;
			remoteInfo = DietControlV2;
		};
		6B805F942AC86D5100336E0A /* PBXContainerItemProxy */ = {
			isa = PBXContainerItemProxy;
			containerPortal = 6B805F712AC86D5000336E0A /* Project object */;
			proxyType = 1;
			remoteGlobalIDString = 6B805F782AC86D5000336E0A;
			remoteInfo = DietControlV2;
		};
/* End PBXContainerItemProxy section */

/* Begin PBXFileReference section */
		6B756AA12ACAAA8D005852BA /* RegisterPage.swift */ = {isa = PBXFileReference; lastKnownFileType = sourcecode.swift; path = RegisterPage.swift; sourceTree = "<group>"; };
		6B756AA42ACAAABD005852BA /* UserDataModel.swift */ = {isa = PBXFileReference; lastKnownFileType = sourcecode.swift; path = UserDataModel.swift; sourceTree = "<group>"; };
		6B756AA62ACABBD0005852BA /* StyledNavigationLink.swift */ = {isa = PBXFileReference; lastKnownFileType = sourcecode.swift; path = StyledNavigationLink.swift; sourceTree = "<group>"; };
		6B805F792AC86D5000336E0A /* DietControlV2.app */ = {isa = PBXFileReference; explicitFileType = wrapper.application; includeInIndex = 0; path = DietControlV2.app; sourceTree = BUILT_PRODUCTS_DIR; };
		6B805F7C2AC86D5000336E0A /* DietControlV2App.swift */ = {isa = PBXFileReference; lastKnownFileType = sourcecode.swift; path = DietControlV2App.swift; sourceTree = "<group>"; };
		6B805F802AC86D5100336E0A /* Assets.xcassets */ = {isa = PBXFileReference; lastKnownFileType = folder.assetcatalog; path = Assets.xcassets; sourceTree = "<group>"; };
		6B805F832AC86D5100336E0A /* Preview Assets.xcassets */ = {isa = PBXFileReference; lastKnownFileType = folder.assetcatalog; path = "Preview Assets.xcassets"; sourceTree = "<group>"; };
		6B805F892AC86D5100336E0A /* DietControlV2Tests.xctest */ = {isa = PBXFileReference; explicitFileType = wrapper.cfbundle; includeInIndex = 0; path = DietControlV2Tests.xctest; sourceTree = BUILT_PRODUCTS_DIR; };
		6B805F8D2AC86D5100336E0A /* DietControlV2Tests.swift */ = {isa = PBXFileReference; lastKnownFileType = sourcecode.swift; path = DietControlV2Tests.swift; sourceTree = "<group>"; };
		6B805F932AC86D5100336E0A /* DietControlV2UITests.xctest */ = {isa = PBXFileReference; explicitFileType = wrapper.cfbundle; includeInIndex = 0; path = DietControlV2UITests.xctest; sourceTree = BUILT_PRODUCTS_DIR; };
		6B805F972AC86D5100336E0A /* DietControlV2UITests.swift */ = {isa = PBXFileReference; lastKnownFileType = sourcecode.swift; path = DietControlV2UITests.swift; sourceTree = "<group>"; };
		6B805F992AC86D5100336E0A /* DietControlV2UITestsLaunchTests.swift */ = {isa = PBXFileReference; lastKnownFileType = sourcecode.swift; path = DietControlV2UITestsLaunchTests.swift; sourceTree = "<group>"; };
		6B805FA92AC86DCD00336E0A /* RootPage.swift */ = {isa = PBXFileReference; lastKnownFileType = sourcecode.swift; path = RootPage.swift; sourceTree = "<group>"; };
		6B805FAB2AC87A0A00336E0A /* ColoredButton.swift */ = {isa = PBXFileReference; lastKnownFileType = sourcecode.swift; path = ColoredButton.swift; sourceTree = "<group>"; };
		6BD18ED32ACEB63300DD61C8 /* TextFieldWithError.swift */ = {isa = PBXFileReference; lastKnownFileType = sourcecode.swift; path = TextFieldWithError.swift; sourceTree = "<group>"; };
		6BD18ED52ACEF1E300DD61C8 /* AppLogo.swift */ = {isa = PBXFileReference; lastKnownFileType = sourcecode.swift; path = AppLogo.swift; sourceTree = "<group>"; };
		6BD18ED72ACF016F00DD61C8 /* LoginPage.swift */ = {isa = PBXFileReference; lastKnownFileType = sourcecode.swift; path = LoginPage.swift; sourceTree = "<group>"; };
/* End PBXFileReference section */

/* Begin PBXFrameworksBuildPhase section */
		6B805F762AC86D5000336E0A /* Frameworks */ = {
			isa = PBXFrameworksBuildPhase;
			buildActionMask = 2147483647;
			files = (
			);
			runOnlyForDeploymentPostprocessing = 0;
		};
		6B805F862AC86D5100336E0A /* Frameworks */ = {
			isa = PBXFrameworksBuildPhase;
			buildActionMask = 2147483647;
			files = (
			);
			runOnlyForDeploymentPostprocessing = 0;
		};
		6B805F902AC86D5100336E0A /* Frameworks */ = {
			isa = PBXFrameworksBuildPhase;
			buildActionMask = 2147483647;
			files = (
			);
			runOnlyForDeploymentPostprocessing = 0;
		};
/* End PBXFrameworksBuildPhase section */

/* Begin PBXGroup section */
		6B756AA32ACAAAA0005852BA /* DataModel */ = {
			isa = PBXGroup;
			children = (
				6B756AA42ACAAABD005852BA /* UserDataModel.swift */,
			);
			path = DataModel;
			sourceTree = "<group>";
		};
		6B805F702AC86D5000336E0A = {
			isa = PBXGroup;
			children = (
				6B805F7B2AC86D5000336E0A /* DietControlV2 */,
				6B805F8C2AC86D5100336E0A /* DietControlV2Tests */,
				6B805F962AC86D5100336E0A /* DietControlV2UITests */,
				6B805F7A2AC86D5000336E0A /* Products */,
			);
			sourceTree = "<group>";
		};
		6B805F7A2AC86D5000336E0A /* Products */ = {
			isa = PBXGroup;
			children = (
				6B805F792AC86D5000336E0A /* DietControlV2.app */,
				6B805F892AC86D5100336E0A /* DietControlV2Tests.xctest */,
				6B805F932AC86D5100336E0A /* DietControlV2UITests.xctest */,
			);
			name = Products;
			sourceTree = "<group>";
		};
		6B805F7B2AC86D5000336E0A /* DietControlV2 */ = {
			isa = PBXGroup;
			children = (
				6B756AA32ACAAAA0005852BA /* DataModel */,
				6B805FA82AC86D7B00336E0A /* Components */,
				6B805FA62AC86D5F00336E0A /* App-pages */,
				6B805F7C2AC86D5000336E0A /* DietControlV2App.swift */,
				6B805F802AC86D5100336E0A /* Assets.xcassets */,
				6B805F822AC86D5100336E0A /* Preview Content */,
			);
			path = DietControlV2;
			sourceTree = "<group>";
		};
		6B805F822AC86D5100336E0A /* Preview Content */ = {
			isa = PBXGroup;
			children = (
				6B805F832AC86D5100336E0A /* Preview Assets.xcassets */,
			);
			path = "Preview Content";
			sourceTree = "<group>";
		};
		6B805F8C2AC86D5100336E0A /* DietControlV2Tests */ = {
			isa = PBXGroup;
			children = (
				6B805F8D2AC86D5100336E0A /* DietControlV2Tests.swift */,
			);
			path = DietControlV2Tests;
			sourceTree = "<group>";
		};
		6B805F962AC86D5100336E0A /* DietControlV2UITests */ = {
			isa = PBXGroup;
			children = (
				6B805F972AC86D5100336E0A /* DietControlV2UITests.swift */,
				6B805F992AC86D5100336E0A /* DietControlV2UITestsLaunchTests.swift */,
			);
			path = DietControlV2UITests;
			sourceTree = "<group>";
		};
		6B805FA62AC86D5F00336E0A /* App-pages */ = {
			isa = PBXGroup;
			children = (
				6B805FA92AC86DCD00336E0A /* RootPage.swift */,
				6B756AA12ACAAA8D005852BA /* RegisterPage.swift */,
				6BD18ED72ACF016F00DD61C8 /* LoginPage.swift */,
			);
			path = "App-pages";
			sourceTree = "<group>";
		};
		6B805FA82AC86D7B00336E0A /* Components */ = {
			isa = PBXGroup;
			children = (
				6B805FAB2AC87A0A00336E0A /* ColoredButton.swift */,
				6B756AA62ACABBD0005852BA /* StyledNavigationLink.swift */,
				6BD18ED32ACEB63300DD61C8 /* TextFieldWithError.swift */,
				6BD18ED52ACEF1E300DD61C8 /* AppLogo.swift */,
			);
			path = Components;
			sourceTree = "<group>";
		};
/* End PBXGroup section */

/* Begin PBXNativeTarget section */
		6B805F782AC86D5000336E0A /* DietControlV2 */ = {
			isa = PBXNativeTarget;
			buildConfigurationList = 6B805F9D2AC86D5100336E0A /* Build configuration list for PBXNativeTarget "DietControlV2" */;
			buildPhases = (
				6B805F752AC86D5000336E0A /* Sources */,
				6B805F762AC86D5000336E0A /* Frameworks */,
				6B805F772AC86D5000336E0A /* Resources */,
			);
			buildRules = (
			);
			dependencies = (
			);
			name = DietControlV2;
			productName = DietControlV2;
			productReference = 6B805F792AC86D5000336E0A /* DietControlV2.app */;
			productType = "com.apple.product-type.application";
		};
		6B805F882AC86D5100336E0A /* DietControlV2Tests */ = {
			isa = PBXNativeTarget;
			buildConfigurationList = 6B805FA02AC86D5100336E0A /* Build configuration list for PBXNativeTarget "DietControlV2Tests" */;
			buildPhases = (
				6B805F852AC86D5100336E0A /* Sources */,
				6B805F862AC86D5100336E0A /* Frameworks */,
				6B805F872AC86D5100336E0A /* Resources */,
			);
			buildRules = (
			);
			dependencies = (
				6B805F8B2AC86D5100336E0A /* PBXTargetDependency */,
			);
			name = DietControlV2Tests;
			productName = DietControlV2Tests;
			productReference = 6B805F892AC86D5100336E0A /* DietControlV2Tests.xctest */;
			productType = "com.apple.product-type.bundle.unit-test";
		};
		6B805F922AC86D5100336E0A /* DietControlV2UITests */ = {
			isa = PBXNativeTarget;
			buildConfigurationList = 6B805FA32AC86D5100336E0A /* Build configuration list for PBXNativeTarget "DietControlV2UITests" */;
			buildPhases = (
				6B805F8F2AC86D5100336E0A /* Sources */,
				6B805F902AC86D5100336E0A /* Frameworks */,
				6B805F912AC86D5100336E0A /* Resources */,
			);
			buildRules = (
			);
			dependencies = (
				6B805F952AC86D5100336E0A /* PBXTargetDependency */,
			);
			name = DietControlV2UITests;
			productName = DietControlV2UITests;
			productReference = 6B805F932AC86D5100336E0A /* DietControlV2UITests.xctest */;
			productType = "com.apple.product-type.bundle.ui-testing";
		};
/* End PBXNativeTarget section */

/* Begin PBXProject section */
		6B805F712AC86D5000336E0A /* Project object */ = {
			isa = PBXProject;
			attributes = {
				BuildIndependentTargetsInParallel = 1;
				LastSwiftUpdateCheck = 1500;
				LastUpgradeCheck = 1500;
				TargetAttributes = {
					6B805F782AC86D5000336E0A = {
						CreatedOnToolsVersion = 15.0;
					};
					6B805F882AC86D5100336E0A = {
						CreatedOnToolsVersion = 15.0;
						TestTargetID = 6B805F782AC86D5000336E0A;
					};
					6B805F922AC86D5100336E0A = {
						CreatedOnToolsVersion = 15.0;
						TestTargetID = 6B805F782AC86D5000336E0A;
					};
				};
			};
			buildConfigurationList = 6B805F742AC86D5000336E0A /* Build configuration list for PBXProject "DietControlV2" */;
			compatibilityVersion = "Xcode 14.0";
			developmentRegion = en;
			hasScannedForEncodings = 0;
			knownRegions = (
				en,
				Base,
			);
			mainGroup = 6B805F702AC86D5000336E0A;
			productRefGroup = 6B805F7A2AC86D5000336E0A /* Products */;
			projectDirPath = "";
			projectRoot = "";
			targets = (
				6B805F782AC86D5000336E0A /* DietControlV2 */,
				6B805F882AC86D5100336E0A /* DietControlV2Tests */,
				6B805F922AC86D5100336E0A /* DietControlV2UITests */,
			);
		};
/* End PBXProject section */

/* Begin PBXResourcesBuildPhase section */
		6B805F772AC86D5000336E0A /* Resources */ = {
			isa = PBXResourcesBuildPhase;
			buildActionMask = 2147483647;
			files = (
				6B805F842AC86D5100336E0A /* Preview Assets.xcassets in Resources */,
				6B805F812AC86D5100336E0A /* Assets.xcassets in Resources */,
			);
			runOnlyForDeploymentPostprocessing = 0;
		};
		6B805F872AC86D5100336E0A /* Resources */ = {
			isa = PBXResourcesBuildPhase;
			buildActionMask = 2147483647;
			files = (
			);
			runOnlyForDeploymentPostprocessing = 0;
		};
		6B805F912AC86D5100336E0A /* Resources */ = {
			isa = PBXResourcesBuildPhase;
			buildActionMask = 2147483647;
			files = (
			);
			runOnlyForDeploymentPostprocessing = 0;
		};
/* End PBXResourcesBuildPhase section */

/* Begin PBXSourcesBuildPhase section */
		6B805F752AC86D5000336E0A /* Sources */ = {
			isa = PBXSourcesBuildPhase;
			buildActionMask = 2147483647;
			files = (
				6B805FAA2AC86DCD00336E0A /* RootPage.swift in Sources */,
				6B805F7D2AC86D5000336E0A /* DietControlV2App.swift in Sources */,
				6B756AA72ACABBD0005852BA /* StyledNavigationLink.swift in Sources */,
				6B756AA52ACAAABD005852BA /* UserDataModel.swift in Sources */,
				6BD18ED62ACEF1E400DD61C8 /* AppLogo.swift in Sources */,
				6BD18ED42ACEB63300DD61C8 /* TextFieldWithError.swift in Sources */,
				6B756AA22ACAAA8D005852BA /* RegisterPage.swift in Sources */,
				6BD18ED82ACF016F00DD61C8 /* LoginPage.swift in Sources */,
				6B805FAC2AC87A0A00336E0A /* ColoredButton.swift in Sources */,
			);
			runOnlyForDeploymentPostprocessing = 0;
		};
		6B805F852AC86D5100336E0A /* Sources */ = {
			isa = PBXSourcesBuildPhase;
			buildActionMask = 2147483647;
			files = (
				6B805F8E2AC86D5100336E0A /* DietControlV2Tests.swift in Sources */,
			);
			runOnlyForDeploymentPostprocessing = 0;
		};
		6B805F8F2AC86D5100336E0A /* Sources */ = {
			isa = PBXSourcesBuildPhase;
			buildActionMask = 2147483647;
			files = (
				6B805F9A2AC86D5100336E0A /* DietControlV2UITestsLaunchTests.swift in Sources */,
				6B805F982AC86D5100336E0A /* DietControlV2UITests.swift in Sources */,
			);
			runOnlyForDeploymentPostprocessing = 0;
		};
/* End PBXSourcesBuildPhase section */

/* Begin PBXTargetDependency section */
		6B805F8B2AC86D5100336E0A /* PBXTargetDependency */ = {
			isa = PBXTargetDependency;
			target = 6B805F782AC86D5000336E0A /* DietControlV2 */;
			targetProxy = 6B805F8A2AC86D5100336E0A /* PBXContainerItemProxy */;
		};
		6B805F952AC86D5100336E0A /* PBXTargetDependency */ = {
			isa = PBXTargetDependency;
			target = 6B805F782AC86D5000336E0A /* DietControlV2 */;
			targetProxy = 6B805F942AC86D5100336E0A /* PBXContainerItemProxy */;
		};
/* End PBXTargetDependency section */

/* Begin XCBuildConfiguration section */
		6B805F9B2AC86D5100336E0A /* Debug */ = {
			isa = XCBuildConfiguration;
			buildSettings = {
				ALWAYS_SEARCH_USER_PATHS = NO;
				ASSETCATALOG_COMPILER_GENERATE_SWIFT_ASSET_SYMBOL_EXTENSIONS = YES;
				CLANG_ANALYZER_NONNULL = YES;
				CLANG_ANALYZER_NUMBER_OBJECT_CONVERSION = YES_AGGRESSIVE;
				CLANG_CXX_LANGUAGE_STANDARD = "gnu++20";
				CLANG_ENABLE_MODULES = YES;
				CLANG_ENABLE_OBJC_ARC = YES;
				CLANG_ENABLE_OBJC_WEAK = YES;
				CLANG_WARN_BLOCK_CAPTURE_AUTORELEASING = YES;
				CLANG_WARN_BOOL_CONVERSION = YES;
				CLANG_WARN_COMMA = YES;
				CLANG_WARN_CONSTANT_CONVERSION = YES;
				CLANG_WARN_DEPRECATED_OBJC_IMPLEMENTATIONS = YES;
				CLANG_WARN_DIRECT_OBJC_ISA_USAGE = YES_ERROR;
				CLANG_WARN_DOCUMENTATION_COMMENTS = YES;
				CLANG_WARN_EMPTY_BODY = YES;
				CLANG_WARN_ENUM_CONVERSION = YES;
				CLANG_WARN_INFINITE_RECURSION = YES;
				CLANG_WARN_INT_CONVERSION = YES;
				CLANG_WARN_NON_LITERAL_NULL_CONVERSION = YES;
				CLANG_WARN_OBJC_IMPLICIT_RETAIN_SELF = YES;
				CLANG_WARN_OBJC_LITERAL_CONVERSION = YES;
				CLANG_WARN_OBJC_ROOT_CLASS = YES_ERROR;
				CLANG_WARN_QUOTED_INCLUDE_IN_FRAMEWORK_HEADER = YES;
				CLANG_WARN_RANGE_LOOP_ANALYSIS = YES;
				CLANG_WARN_STRICT_PROTOTYPES = YES;
				CLANG_WARN_SUSPICIOUS_MOVE = YES;
				CLANG_WARN_UNGUARDED_AVAILABILITY = YES_AGGRESSIVE;
				CLANG_WARN_UNREACHABLE_CODE = YES;
				CLANG_WARN__DUPLICATE_METHOD_MATCH = YES;
				COPY_PHASE_STRIP = NO;
				DEBUG_INFORMATION_FORMAT = dwarf;
				ENABLE_STRICT_OBJC_MSGSEND = YES;
				ENABLE_TESTABILITY = YES;
				ENABLE_USER_SCRIPT_SANDBOXING = YES;
				GCC_C_LANGUAGE_STANDARD = gnu17;
				GCC_DYNAMIC_NO_PIC = NO;
				GCC_NO_COMMON_BLOCKS = YES;
				GCC_OPTIMIZATION_LEVEL = 0;
				GCC_PREPROCESSOR_DEFINITIONS = (
					"DEBUG=1",
					"$(inherited)",
				);
				GCC_WARN_64_TO_32_BIT_CONVERSION = YES;
				GCC_WARN_ABOUT_RETURN_TYPE = YES_ERROR;
				GCC_WARN_UNDECLARED_SELECTOR = YES;
				GCC_WARN_UNINITIALIZED_AUTOS = YES_AGGRESSIVE;
				GCC_WARN_UNUSED_FUNCTION = YES;
				GCC_WARN_UNUSED_VARIABLE = YES;
				IPHONEOS_DEPLOYMENT_TARGET = 17.0;
				LOCALIZATION_PREFERS_STRING_CATALOGS = YES;
				MTL_ENABLE_DEBUG_INFO = INCLUDE_SOURCE;
				MTL_FAST_MATH = YES;
				ONLY_ACTIVE_ARCH = YES;
				SDKROOT = iphoneos;
				SWIFT_ACTIVE_COMPILATION_CONDITIONS = "DEBUG $(inherited)";
				SWIFT_OPTIMIZATION_LEVEL = "-Onone";
			};
			name = Debug;
		};
		6B805F9C2AC86D5100336E0A /* Release */ = {
			isa = XCBuildConfiguration;
			buildSettings = {
				ALWAYS_SEARCH_USER_PATHS = NO;
				ASSETCATALOG_COMPILER_GENERATE_SWIFT_ASSET_SYMBOL_EXTENSIONS = YES;
				CLANG_ANALYZER_NONNULL = YES;
				CLANG_ANALYZER_NUMBER_OBJECT_CONVERSION = YES_AGGRESSIVE;
				CLANG_CXX_LANGUAGE_STANDARD = "gnu++20";
				CLANG_ENABLE_MODULES = YES;
				CLANG_ENABLE_OBJC_ARC = YES;
				CLANG_ENABLE_OBJC_WEAK = YES;
				CLANG_WARN_BLOCK_CAPTURE_AUTORELEASING = YES;
				CLANG_WARN_BOOL_CONVERSION = YES;
				CLANG_WARN_COMMA = YES;
				CLANG_WARN_CONSTANT_CONVERSION = YES;
				CLANG_WARN_DEPRECATED_OBJC_IMPLEMENTATIONS = YES;
				CLANG_WARN_DIRECT_OBJC_ISA_USAGE = YES_ERROR;
				CLANG_WARN_DOCUMENTATION_COMMENTS = YES;
				CLANG_WARN_EMPTY_BODY = YES;
				CLANG_WARN_ENUM_CONVERSION = YES;
				CLANG_WARN_INFINITE_RECURSION = YES;
				CLANG_WARN_INT_CONVERSION = YES;
				CLANG_WARN_NON_LITERAL_NULL_CONVERSION = YES;
				CLANG_WARN_OBJC_IMPLICIT_RETAIN_SELF = YES;
				CLANG_WARN_OBJC_LITERAL_CONVERSION = YES;
				CLANG_WARN_OBJC_ROOT_CLASS = YES_ERROR;
				CLANG_WARN_QUOTED_INCLUDE_IN_FRAMEWORK_HEADER = YES;
				CLANG_WARN_RANGE_LOOP_ANALYSIS = YES;
				CLANG_WARN_STRICT_PROTOTYPES = YES;
				CLANG_WARN_SUSPICIOUS_MOVE = YES;
				CLANG_WARN_UNGUARDED_AVAILABILITY = YES_AGGRESSIVE;
				CLANG_WARN_UNREACHABLE_CODE = YES;
				CLANG_WARN__DUPLICATE_METHOD_MATCH = YES;
				COPY_PHASE_STRIP = NO;
				DEBUG_INFORMATION_FORMAT = "dwarf-with-dsym";
				ENABLE_NS_ASSERTIONS = NO;
				ENABLE_STRICT_OBJC_MSGSEND = YES;
				ENABLE_USER_SCRIPT_SANDBOXING = YES;
				GCC_C_LANGUAGE_STANDARD = gnu17;
				GCC_NO_COMMON_BLOCKS = YES;
				GCC_WARN_64_TO_32_BIT_CONVERSION = YES;
				GCC_WARN_ABOUT_RETURN_TYPE = YES_ERROR;
				GCC_WARN_UNDECLARED_SELECTOR = YES;
				GCC_WARN_UNINITIALIZED_AUTOS = YES_AGGRESSIVE;
				GCC_WARN_UNUSED_FUNCTION = YES;
				GCC_WARN_UNUSED_VARIABLE = YES;
				IPHONEOS_DEPLOYMENT_TARGET = 17.0;
				LOCALIZATION_PREFERS_STRING_CATALOGS = YES;
				MTL_ENABLE_DEBUG_INFO = NO;
				MTL_FAST_MATH = YES;
				SDKROOT = iphoneos;
				SWIFT_COMPILATION_MODE = wholemodule;
				VALIDATE_PRODUCT = YES;
			};
			name = Release;
		};
		6B805F9E2AC86D5100336E0A /* Debug */ = {
			isa = XCBuildConfiguration;
			buildSettings = {
				ASSETCATALOG_COMPILER_APPICON_NAME = AppIcon;
				ASSETCATALOG_COMPILER_GLOBAL_ACCENT_COLOR_NAME = AccentColor;
				CODE_SIGN_STYLE = Automatic;
				CURRENT_PROJECT_VERSION = 1;
				DEVELOPMENT_ASSET_PATHS = "\"DietControlV2/Preview Content\"";
				DEVELOPMENT_TEAM = 4Q8S25C3T2;
				ENABLE_PREVIEWS = YES;
				GENERATE_INFOPLIST_FILE = YES;
				INFOPLIST_KEY_UIApplicationSceneManifest_Generation = YES;
				INFOPLIST_KEY_UIApplicationSupportsIndirectInputEvents = YES;
				INFOPLIST_KEY_UILaunchScreen_Generation = YES;
				INFOPLIST_KEY_UISupportedInterfaceOrientations_iPad = "UIInterfaceOrientationPortrait UIInterfaceOrientationPortraitUpsideDown UIInterfaceOrientationLandscapeLeft UIInterfaceOrientationLandscapeRight";
				INFOPLIST_KEY_UISupportedInterfaceOrientations_iPhone = "UIInterfaceOrientationPortrait UIInterfaceOrientationLandscapeLeft UIInterfaceOrientationLandscapeRight";
				LD_RUNPATH_SEARCH_PATHS = (
					"$(inherited)",
					"@executable_path/Frameworks",
				);
				MARKETING_VERSION = 1.0;
				PRODUCT_BUNDLE_IDENTIFIER = com.DietControlTeam.DietControlV2;
				PRODUCT_NAME = "$(TARGET_NAME)";
				SWIFT_EMIT_LOC_STRINGS = YES;
				SWIFT_VERSION = 5.0;
				TARGETED_DEVICE_FAMILY = "1,2";
			};
			name = Debug;
		};
		6B805F9F2AC86D5100336E0A /* Release */ = {
			isa = XCBuildConfiguration;
			buildSettings = {
				ASSETCATALOG_COMPILER_APPICON_NAME = AppIcon;
				ASSETCATALOG_COMPILER_GLOBAL_ACCENT_COLOR_NAME = AccentColor;
				CODE_SIGN_STYLE = Automatic;
				CURRENT_PROJECT_VERSION = 1;
				DEVELOPMENT_ASSET_PATHS = "\"DietControlV2/Preview Content\"";
				DEVELOPMENT_TEAM = 4Q8S25C3T2;
				ENABLE_PREVIEWS = YES;
				GENERATE_INFOPLIST_FILE = YES;
				INFOPLIST_KEY_UIApplicationSceneManifest_Generation = YES;
				INFOPLIST_KEY_UIApplicationSupportsIndirectInputEvents = YES;
				INFOPLIST_KEY_UILaunchScreen_Generation = YES;
				INFOPLIST_KEY_UISupportedInterfaceOrientations_iPad = "UIInterfaceOrientationPortrait UIInterfaceOrientationPortraitUpsideDown UIInterfaceOrientationLandscapeLeft UIInterfaceOrientationLandscapeRight";
				INFOPLIST_KEY_UISupportedInterfaceOrientations_iPhone = "UIInterfaceOrientationPortrait UIInterfaceOrientationLandscapeLeft UIInterfaceOrientationLandscapeRight";
				LD_RUNPATH_SEARCH_PATHS = (
					"$(inherited)",
					"@executable_path/Frameworks",
				);
				MARKETING_VERSION = 1.0;
				PRODUCT_BUNDLE_IDENTIFIER = com.DietControlTeam.DietControlV2;
				PRODUCT_NAME = "$(TARGET_NAME)";
				SWIFT_EMIT_LOC_STRINGS = YES;
				SWIFT_VERSION = 5.0;
				TARGETED_DEVICE_FAMILY = "1,2";
			};
			name = Release;
		};
		6B805FA12AC86D5100336E0A /* Debug */ = {
			isa = XCBuildConfiguration;
			buildSettings = {
				ALWAYS_EMBED_SWIFT_STANDARD_LIBRARIES = YES;
				BUNDLE_LOADER = "$(TEST_HOST)";
				CODE_SIGN_STYLE = Automatic;
				CURRENT_PROJECT_VERSION = 1;
				DEVELOPMENT_TEAM = 4Q8S25C3T2;
				GENERATE_INFOPLIST_FILE = YES;
				IPHONEOS_DEPLOYMENT_TARGET = 17.0;
				MARKETING_VERSION = 1.0;
				PRODUCT_BUNDLE_IDENTIFIER = com.DietControlTeam.DietControlV2Tests;
				PRODUCT_NAME = "$(TARGET_NAME)";
				SWIFT_EMIT_LOC_STRINGS = NO;
				SWIFT_VERSION = 5.0;
				TARGETED_DEVICE_FAMILY = "1,2";
				TEST_HOST = "$(BUILT_PRODUCTS_DIR)/DietControlV2.app/$(BUNDLE_EXECUTABLE_FOLDER_PATH)/DietControlV2";
			};
			name = Debug;
		};
		6B805FA22AC86D5100336E0A /* Release */ = {
			isa = XCBuildConfiguration;
			buildSettings = {
				ALWAYS_EMBED_SWIFT_STANDARD_LIBRARIES = YES;
				BUNDLE_LOADER = "$(TEST_HOST)";
				CODE_SIGN_STYLE = Automatic;
				CURRENT_PROJECT_VERSION = 1;
				DEVELOPMENT_TEAM = 4Q8S25C3T2;
				GENERATE_INFOPLIST_FILE = YES;
				IPHONEOS_DEPLOYMENT_TARGET = 17.0;
				MARKETING_VERSION = 1.0;
				PRODUCT_BUNDLE_IDENTIFIER = com.DietControlTeam.DietControlV2Tests;
				PRODUCT_NAME = "$(TARGET_NAME)";
				SWIFT_EMIT_LOC_STRINGS = NO;
				SWIFT_VERSION = 5.0;
				TARGETED_DEVICE_FAMILY = "1,2";
				TEST_HOST = "$(BUILT_PRODUCTS_DIR)/DietControlV2.app/$(BUNDLE_EXECUTABLE_FOLDER_PATH)/DietControlV2";
			};
			name = Release;
		};
		6B805FA42AC86D5100336E0A /* Debug */ = {
			isa = XCBuildConfiguration;
			buildSettings = {
				ALWAYS_EMBED_SWIFT_STANDARD_LIBRARIES = YES;
				CODE_SIGN_STYLE = Automatic;
				CURRENT_PROJECT_VERSION = 1;
				DEVELOPMENT_TEAM = 4Q8S25C3T2;
				GENERATE_INFOPLIST_FILE = YES;
				MARKETING_VERSION = 1.0;
				PRODUCT_BUNDLE_IDENTIFIER = com.DietControlTeam.DietControlV2UITests;
				PRODUCT_NAME = "$(TARGET_NAME)";
				SWIFT_EMIT_LOC_STRINGS = NO;
				SWIFT_VERSION = 5.0;
				TARGETED_DEVICE_FAMILY = "1,2";
				TEST_TARGET_NAME = DietControlV2;
			};
			name = Debug;
		};
		6B805FA52AC86D5100336E0A /* Release */ = {
			isa = XCBuildConfiguration;
			buildSettings = {
				ALWAYS_EMBED_SWIFT_STANDARD_LIBRARIES = YES;
				CODE_SIGN_STYLE = Automatic;
				CURRENT_PROJECT_VERSION = 1;
				DEVELOPMENT_TEAM = 4Q8S25C3T2;
				GENERATE_INFOPLIST_FILE = YES;
				MARKETING_VERSION = 1.0;
				PRODUCT_BUNDLE_IDENTIFIER = com.DietControlTeam.DietControlV2UITests;
				PRODUCT_NAME = "$(TARGET_NAME)";
				SWIFT_EMIT_LOC_STRINGS = NO;
				SWIFT_VERSION = 5.0;
				TARGETED_DEVICE_FAMILY = "1,2";
				TEST_TARGET_NAME = DietControlV2;
			};
			name = Release;
		};
/* End XCBuildConfiguration section */

/* Begin XCConfigurationList section */
		6B805F742AC86D5000336E0A /* Build configuration list for PBXProject "DietControlV2" */ = {
			isa = XCConfigurationList;
			buildConfigurations = (
				6B805F9B2AC86D5100336E0A /* Debug */,
				6B805F9C2AC86D5100336E0A /* Release */,
			);
			defaultConfigurationIsVisible = 0;
			defaultConfigurationName = Release;
		};
		6B805F9D2AC86D5100336E0A /* Build configuration list for PBXNativeTarget "DietControlV2" */ = {
			isa = XCConfigurationList;
			buildConfigurations = (
				6B805F9E2AC86D5100336E0A /* Debug */,
				6B805F9F2AC86D5100336E0A /* Release */,
			);
			defaultConfigurationIsVisible = 0;
			defaultConfigurationName = Release;
		};
		6B805FA02AC86D5100336E0A /* Build configuration list for PBXNativeTarget "DietControlV2Tests" */ = {
			isa = XCConfigurationList;
			buildConfigurations = (
				6B805FA12AC86D5100336E0A /* Debug */,
				6B805FA22AC86D5100336E0A /* Release */,
			);
			defaultConfigurationIsVisible = 0;
			defaultConfigurationName = Release;
		};
		6B805FA32AC86D5100336E0A /* Build configuration list for PBXNativeTarget "DietControlV2UITests" */ = {
			isa = XCConfigurationList;
			buildConfigurations = (
				6B805FA42AC86D5100336E0A /* Debug */,
				6B805FA52AC86D5100336E0A /* Release */,
			);
			defaultConfigurationIsVisible = 0;
			defaultConfigurationName = Release;
		};
/* End XCConfigurationList section */
	};
	rootObject = 6B805F712AC86D5000336E0A /* Project object */;
}
